{
  "version": 4,
  "terraform_version": "1.10.2",
  "serial": 10,
  "lineage": "a79ac7bd-e9d1-0186-0c8c-fff9e14974a6",
  "outputs": {},
  "resources": [
    {
      "mode": "managed",
      "type": "scaleway_account_project",
      "name": "terraform",
      "provider": "provider[\"registry.terraform.io/scaleway/scaleway\"]",
      "instances": [
        {
          "schema_version": 0,
          "attributes": {
            "created_at": "2025-04-15T12:58:51Z",
            "description": "",
            "id": "b0b20108-3c55-4c46-9081-48441edda9a5",
            "name": "terraform",
            "organization_id": "0e8e62d7-0374-413e-9a56-3be02c2aa4fe",
            "updated_at": "2025-04-15T12:58:51Z"
          },
          "sensitive_attributes": [],
          "private": "eyJzY2hlbWFfdmVyc2lvbiI6IjAifQ=="
        }
      ]
    },
    {
      "mode": "managed",
      "type": "scaleway_object_bucket",
      "name": "gip_inclusion_terraform_state",
      "provider": "provider[\"registry.terraform.io/scaleway/scaleway\"]",
      "instances": [
        {
          "schema_version": 0,
          "attributes": {
            "acl": "private",
            "api_endpoint": "https://s3.fr-par.scw.cloud",
            "cors_rule": [],
            "endpoint": "https://gip-inclusion-state.s3.fr-par.scw.cloud",
            "force_destroy": false,
            "id": "fr-par/gip-inclusion-state",
            "lifecycle_rule": [],
            "name": "gip-inclusion-state",
            "object_lock_enabled": false,
            "project_id": "b0b20108-3c55-4c46-9081-48441edda9a5",
            "region": "fr-par",
            "tags": {},
            "timeouts": null,
            "versioning": [
              {
                "enabled": true
              }
            ]
          },
          "sensitive_attributes": [],
          "private": "eyJlMmJmYjczMC1lY2FhLTExZTYtOGY4OC0zNDM2M2JjN2M0YzAiOnsiY3JlYXRlIjo2MDAwMDAwMDAwMDAsImRlZmF1bHQiOjYwMDAwMDAwMDAwMCwiZGVsZXRlIjo2MDAwMDAwMDAwMDAsInJlYWQiOjYwMDAwMDAwMDAwMCwidXBkYXRlIjo2MDAwMDAwMDAwMDB9fQ==",
          "dependencies": [
            "scaleway_account_project.terraform"
          ]
        }
      ]
    },
    {
      "mode": "managed",
      "type": "scaleway_object_bucket_acl",
      "name": "state_bucket_acl",
      "provider": "provider[\"registry.terraform.io/scaleway/scaleway\"]",
      "instances": [
        {
          "schema_version": 0,
          "attributes": {
            "access_control_policy": [
              {
                "grant": [
                  {
                    "grantee": [
                      {
                        "display_name": "b0b20108-3c55-4c46-9081-48441edda9a5",
                        "id": "b0b20108-3c55-4c46-9081-48441edda9a5",
                        "type": "CanonicalUser"
                      }
                    ],
                    "permission": "FULL_CONTROL"
                  }
                ],
                "owner": [
                  {
                    "display_name": "b0b20108-3c55-4c46-9081-48441edda9a5",
                    "id": "b0b20108-3c55-4c46-9081-48441edda9a5"
                  }
                ]
              }
            ],
            "acl": "private",
            "bucket": "gip-inclusion-state",
            "expected_bucket_owner": "",
            "id": "fr-par/gip-inclusion-state/private",
            "project_id": "b0b20108-3c55-4c46-9081-48441edda9a5",
            "region": "fr-par"
          },
          "sensitive_attributes": [],
          "private": "eyJzY2hlbWFfdmVyc2lvbiI6IjAifQ==",
          "dependencies": [
            "scaleway_account_project.terraform",
            "scaleway_object_bucket.gip_inclusion_terraform_state"
          ]
        }
      ]
    },
    {
      "mode": "managed",
      "type": "scaleway_object_bucket_policy",
      "name": "state_bucket_policy",
      "provider": "provider[\"registry.terraform.io/scaleway/scaleway\"]",
      "instances": [
        {
          "schema_version": 0,
          "attributes": {
            "bucket": "fr-par/gip-inclusion-state",
            "id": "fr-par/gip-inclusion-state",
            "policy": "{\"Statement\":[{\"Action\":[\"s3:GetBucketAcl\",\"s3:GetBucketCORS\",\"s3:GetBucketLocation\",\"s3:GetBucketObjectLockConfiguration\",\"s3:GetBucketTagging\",\"s3:GetBucketVersioning\",\"s3:GetBucketWebsite\",\"s3:GetLifecycleConfiguration\",\"s3:ListBucket\",\"s3:GetObject\",\"s3:PutObject\"],\"Effect\":\"Allow\",\"Principal\":{\"SCW\":[\"application_id:a3f14e9c-9f82-486b-af80-7b256063f59f\",\"user_id:c10ec0b8-a110-4d2e-85a2-f896ce77dfd1\"]},\"Resource\":[\"gip-inclusion-state\",\"gip-inclusion-state/*\"],\"Sid\":\"Allow Terraform CI to read and write state\"}],\"Version\":\"2023-04-17\"}",
            "project_id": "b0b20108-3c55-4c46-9081-48441edda9a5",
            "region": "fr-par",
            "timeouts": null
          },
          "sensitive_attributes": [],
          "private": "eyJlMmJmYjczMC1lY2FhLTExZTYtOGY4OC0zNDM2M2JjN2M0YzAiOnsiY3JlYXRlIjo2MDAwMDAwMDAwMDAsImRlZmF1bHQiOjYwMDAwMDAwMDAwMCwiZGVsZXRlIjo2MDAwMDAwMDAwMDAsInJlYWQiOjYwMDAwMDAwMDAwMCwidXBkYXRlIjo2MDAwMDAwMDAwMDB9fQ==",
          "dependencies": [
            "scaleway_account_project.terraform",
            "scaleway_object_bucket.gip_inclusion_terraform_state",
            "scaleway_object_bucket_acl.state_bucket_acl"
          ]
        }
      ]
    }
  ],
  "check_results": null
}
